
Microsoft Visual Studio Solution File, Format Version 12.00
# Visual Studio 15
VisualStudioVersion = 15.0.27428.2043
MinimumVisualStudioVersion = 10.0.40219.1
Project("{9092AA53-FB77-4645-B42D-1CCCA6BD08BD}") = "SlackIntegration", "SlackIntegration\SlackIntegration.njsproj", "{03B55203-14E6-4859-B369-B134E96E4973}"
EndProject
Global
	GlobalSection(SolutionConfigurationPlatforms) = preSolution
		Debug|Any CPU = Debug|Any CPU
		Release|Any CPU = Release|Any CPU
	EndGlobalSection
	GlobalSection(ProjectConfigurationPlatforms) = postSolution
		{03B55203-14E6-4859-B369-B134E96E4973}.Debug|Any CPU.ActiveCfg = Debug|Any CPU
		{03B55203-14E6-4859-B369-B134E96E4973}.Debug|Any CPU.Build.0 = Debug|Any CPU
		{03B55203-14E6-4859-B369-B134E96E4973}.Release|Any CPU.ActiveCfg = Release|Any CPU
		{03B55203-14E6-4859-B369-B134E96E4973}.Release|Any CPU.Build.0 = Release|Any CPU
	EndGlobalSection
	GlobalSection(SolutionProperties) = preSolution
		HideSolutionNode = FALSE
	EndGlobalSection
	GlobalSection(ExtensibilityGlobals) = postSolution
		SolutionGuid = {7A44EBD5-C40A-4DE8-86C7-DF543C0936BD}
	EndGlobalSection
EndGlobal
